// !$*UTF8*$!
{
	archiveVersion = 1;
	classes = {
	};
	objectVersion = 55;
	objects = {

/* Begin PBXBuildFile section */
		28B25C122895BDF900FA02E0 /* AppDelegate.swift in Sources */ = {isa = PBXBuildFile; fileRef = 28B25C112895BDF900FA02E0 /* AppDelegate.swift */; };
		28B25C142895BDF900FA02E0 /* SceneDelegate.swift in Sources */ = {isa = PBXBuildFile; fileRef = 28B25C132895BDF900FA02E0 /* SceneDelegate.swift */; };
		28B25C1B2895BDFA00FA02E0 /* Assets.xcassets in Resources */ = {isa = PBXBuildFile; fileRef = 28B25C1A2895BDFA00FA02E0 /* Assets.xcassets */; };
		28B25C1E2895BDFA00FA02E0 /* LaunchScreen.storyboard in Resources */ = {isa = PBXBuildFile; fileRef = 28B25C1C2895BDFA00FA02E0 /* LaunchScreen.storyboard */; };
		28B25C262895BE9500FA02E0 /* View.swift in Sources */ = {isa = PBXBuildFile; fileRef = 28B25C252895BE9500FA02E0 /* View.swift */; };
		28B25C282895BEAD00FA02E0 /* Interactor.swift in Sources */ = {isa = PBXBuildFile; fileRef = 28B25C272895BEAD00FA02E0 /* Interactor.swift */; };
		28B25C2A2895BEBB00FA02E0 /* Presenter.swift in Sources */ = {isa = PBXBuildFile; fileRef = 28B25C292895BEBB00FA02E0 /* Presenter.swift */; };
		28B25C2C2895BEDA00FA02E0 /* Entity.swift in Sources */ = {isa = PBXBuildFile; fileRef = 28B25C2B2895BEDA00FA02E0 /* Entity.swift */; };
		28B25C2E2895BEE500FA02E0 /* Router.swift in Sources */ = {isa = PBXBuildFile; fileRef = 28B25C2D2895BEE500FA02E0 /* Router.swift */; };
/* End PBXBuildFile section */

/* Begin PBXFileReference section */
		28B25C0E2895BDF900FA02E0 /* CryptoVIPER.app */ = {isa = PBXFileReference; explicitFileType = wrapper.application; includeInIndex = 0; path = CryptoVIPER.app; sourceTree = BUILT_PRODUCTS_DIR; };
		28B25C112895BDF900FA02E0 /* AppDelegate.swift */ = {isa = PBXFileReference; lastKnownFileType = sourcecode.swift; path = AppDelegate.swift; sourceTree = "<group>"; };
		28B25C132895BDF900FA02E0 /* SceneDelegate.swift */ = {isa = PBXFileReference; lastKnownFileType = sourcecode.swift; path = SceneDelegate.swift; sourceTree = "<group>"; };
		28B25C1A2895BDFA00FA02E0 /* Assets.xcassets */ = {isa = PBXFileReference; lastKnownFileType = folder.assetcatalog; path = Assets.xcassets; sourceTree = "<group>"; };
		28B25C1D2895BDFA00FA02E0 /* Base */ = {isa = PBXFileReference; lastKnownFileType = file.storyboard; name = Base; path = Base.lproj/LaunchScreen.storyboard; sourceTree = "<group>"; };
		28B25C1F2895BDFA00FA02E0 /* Info.plist */ = {isa = PBXFileReference; lastKnownFileType = text.plist.xml; path = Info.plist; sourceTree = "<group>"; };
		28B25C252895BE9500FA02E0 /* View.swift */ = {isa = PBXFileReference; lastKnownFileType = sourcecode.swift; path = View.swift; sourceTree = "<group>"; };
		28B25C272895BEAD00FA02E0 /* Interactor.swift */ = {isa = PBXFileReference; lastKnownFileType = sourcecode.swift; path = Interactor.swift; sourceTree = "<group>"; };
		28B25C292895BEBB00FA02E0 /* Presenter.swift */ = {isa = PBXFileReference; lastKnownFileType = sourcecode.swift; path = Presenter.swift; sourceTree = "<group>"; };
		28B25C2B2895BEDA00FA02E0 /* Entity.swift */ = {isa = PBXFileReference; lastKnownFileType = sourcecode.swift; path = Entity.swift; sourceTree = "<group>"; };
		28B25C2D2895BEE500FA02E0 /* Router.swift */ = {isa = PBXFileReference; lastKnownFileType = sourcecode.swift; path = Router.swift; sourceTree = "<group>"; };
/* End PBXFileReference section */

/* Begin PBXFrameworksBuildPhase section */
		28B25C0B2895BDF900FA02E0 /* Frameworks */ = {
			isa = PBXFrameworksBuildPhase;
			buildActionMask = 2147483647;
			files = (
			);
			runOnlyForDeploymentPostprocessing = 0;
		};
/* End PBXFrameworksBuildPhase section */

/* Begin PBXGroup section */
		28B25C052895BDF900FA02E0 = {
			isa = PBXGroup;
			children = (
				28B25C102895BDF900FA02E0 /* CryptoVIPER */,
				28B25C0F2895BDF900FA02E0 /* Products */,
			);
			sourceTree = "<group>";
		};
		28B25C0F2895BDF900FA02E0 /* Products */ = {
			isa = PBXGroup;
			children = (
				28B25C0E2895BDF900FA02E0 /* CryptoVIPER.app */,
			);
			name = Products;
			sourceTree = "<group>";
		};
		28B25C102895BDF900FA02E0 /* CryptoVIPER */ = {
			isa = PBXGroup;
			children = (
				28B25C112895BDF900FA02E0 /* AppDelegate.swift */,
				28B25C132895BDF900FA02E0 /* SceneDelegate.swift */,
				28B25C1C2895BDFA00FA02E0 /* LaunchScreen.storyboard */,
				28B25C1A2895BDFA00FA02E0 /* Assets.xcassets */,
				28B25C252895BE9500FA02E0 /* View.swift */,
				28B25C272895BEAD00FA02E0 /* Interactor.swift */,
				28B25C292895BEBB00FA02E0 /* Presenter.swift */,
				28B25C2B2895BEDA00FA02E0 /* Entity.swift */,
				28B25C2D2895BEE500FA02E0 /* Router.swift */,
				28B25C1F2895BDFA00FA02E0 /* Info.plist */,
			);
			path = CryptoVIPER;
			sourceTree = "<group>";
		};
/* End PBXGroup section */

/* Begin PBXNativeTarget section */
		28B25C0D2895BDF900FA02E0 /* CryptoVIPER */ = {
			isa = PBXNativeTarget;
			buildConfigurationList = 28B25C222895BDFA00FA02E0 /* Build configuration list for PBXNativeTarget "CryptoVIPER" */;
			buildPhases = (
				28B25C0A2895BDF900FA02E0 /* Sources */,
				28B25C0B2895BDF900FA02E0 /* Frameworks */,
				28B25C0C2895BDF900FA02E0 /* Resources */,
			);
			buildRules = (
			);
			dependencies = (
			);
			name = CryptoVIPER;
			productName = CryptoVIPER;
			productReference = 28B25C0E2895BDF900FA02E0 /* CryptoVIPER.app */;
			productType = "com.apple.product-type.application";
		};
/* End PBXNativeTarget section */

/* Begin PBXProject section */
		28B25C062895BDF900FA02E0 /* Project object */ = {
			isa = PBXProject;
			attributes = {
				BuildIndependentTargetsInParallel = 1;
				LastSwiftUpdateCheck = 1340;
				LastUpgradeCheck = 1340;
				TargetAttributes = {
					28B25C0D2895BDF900FA02E0 = {
						CreatedOnToolsVersion = 13.4.1;
					};
				};
			};
			buildConfigurationList = 28B25C092895BDF900FA02E0 /* Build configuration list for PBXProject "CryptoVIPER" */;
			compatibilityVersion = "Xcode 13.0";
			developmentRegion = en;
			hasScannedForEncodings = 0;
			knownRegions = (
				en,
				Base,
			);
			mainGroup = 28B25C052895BDF900FA02E0;
			productRefGroup = 28B25C0F2895BDF900FA02E0 /* Products */;
			projectDirPath = "";
			projectRoot = "";
			targets = (
				28B25C0D2895BDF900FA02E0 /* CryptoVIPER */,
			);
		};
/* End PBXProject section */

/* Begin PBXResourcesBuildPhase section */
		28B25C0C2895BDF900FA02E0 /* Resources */ = {
			isa = PBXResourcesBuildPhase;
			buildActionMask = 2147483647;
			files = (
				28B25C1E2895BDFA00FA02E0 /* LaunchScreen.storyboard in Resources */,
				28B25C1B2895BDFA00FA02E0 /* Assets.xcassets in Resources */,
			);
			runOnlyForDeploymentPostprocessing = 0;
		};
/* End PBXResourcesBuildPhase section */

/* Begin PBXSourcesBuildPhase section */
		28B25C0A2895BDF900FA02E0 /* Sources */ = {
			isa = PBXSourcesBuildPhase;
			buildActionMask = 2147483647;
			files = (
				28B25C2E2895BEE500FA02E0 /* Router.swift in Sources */,
				28B25C2A2895BEBB00FA02E0 /* Presenter.swift in Sources */,
				28B25C262895BE9500FA02E0 /* View.swift in Sources */,
				28B25C2C2895BEDA00FA02E0 /* Entity.swift in Sources */,
				28B25C282895BEAD00FA02E0 /* Interactor.swift in Sources */,
				28B25C122895BDF900FA02E0 /* AppDelegate.swift in Sources */,
				28B25C142895BDF900FA02E0 /* SceneDelegate.swift in Sources */,
			);
			runOnlyForDeploymentPostprocessing = 0;
		};
/* End PBXSourcesBuildPhase section */

/* Begin PBXVariantGroup section */
		28B25C1C2895BDFA00FA02E0 /* LaunchScreen.storyboard */ = {
			isa = PBXVariantGroup;
			children = (
				28B25C1D2895BDFA00FA02E0 /* Base */,
			);
			name = LaunchScreen.storyboard;
			sourceTree = "<group>";
		};
/* End PBXVariantGroup section */

/* Begin XCBuildConfiguration section */
		28B25C202895BDFA00FA02E0 /* Debug */ = {
			isa = XCBuildConfiguration;
			buildSettings = {
				ALWAYS_SEARCH_USER_PATHS = NO;
				CLANG_ANALYZER_NONNULL = YES;
				CLANG_ANALYZER_NUMBER_OBJECT_CONVERSION = YES_AGGRESSIVE;
				CLANG_CXX_LANGUAGE_STANDARD = "gnu++17";
				CLANG_ENABLE_MODULES = YES;
				CLANG_ENABLE_OBJC_ARC = YES;
				CLANG_ENABLE_OBJC_WEAK = YES;
				CLANG_WARN_BLOCK_CAPTURE_AUTORELEASING = YES;
				CLANG_WARN_BOOL_CONVERSION = YES;
				CLANG_WARN_COMMA = YES;
				CLANG_WARN_CONSTANT_CONVERSION = YES;
				CLANG_WARN_DEPRECATED_OBJC_IMPLEMENTATIONS = YES;
				CLANG_WARN_DIRECT_OBJC_ISA_USAGE = YES_ERROR;
				CLANG_WARN_DOCUMENTATION_COMMENTS = YES;
				CLANG_WARN_EMPTY_BODY = YES;
				CLANG_WARN_ENUM_CONVERSION = YES;
				CLANG_WARN_INFINITE_RECURSION = YES;
				CLANG_WARN_INT_CONVERSION = YES;
				CLANG_WARN_NON_LITERAL_NULL_CONVERSION = YES;
				CLANG_WARN_OBJC_IMPLICIT_RETAIN_SELF = YES;
				CLANG_WARN_OBJC_LITERAL_CONVERSION = YES;
				CLANG_WARN_OBJC_ROOT_CLASS = YES_ERROR;
				CLANG_WARN_QUOTED_INCLUDE_IN_FRAMEWORK_HEADER = YES;
				CLANG_WARN_RANGE_LOOP_ANALYSIS = YES;
				CLANG_WARN_STRICT_PROTOTYPES = YES;
				CLANG_WARN_SUSPICIOUS_MOVE = YES;
				CLANG_WARN_UNGUARDED_AVAILABILITY = YES_AGGRESSIVE;
				CLANG_WARN_UNREACHABLE_CODE = YES;
				CLANG_WARN__DUPLICATE_METHOD_MATCH = YES;
				COPY_PHASE_STRIP = NO;
				DEBUG_INFORMATION_FORMAT = dwarf;
				ENABLE_STRICT_OBJC_MSGSEND = YES;
				ENABLE_TESTABILITY = YES;
				GCC_C_LANGUAGE_STANDARD = gnu11;
				GCC_DYNAMIC_NO_PIC = NO;
				GCC_NO_COMMON_BLOCKS = YES;
				GCC_OPTIMIZATION_LEVEL = 0;
				GCC_PREPROCESSOR_DEFINITIONS = (
					"DEBUG=1",
					"$(inherited)",
				);
				GCC_WARN_64_TO_32_BIT_CONVERSION = YES;
				GCC_WARN_ABOUT_RETURN_TYPE = YES_ERROR;
				GCC_WARN_UNDECLARED_SELECTOR = YES;
				GCC_WARN_UNINITIALIZED_AUTOS = YES_AGGRESSIVE;
				GCC_WARN_UNUSED_FUNCTION = YES;
				GCC_WARN_UNUSED_VARIABLE = YES;
				IPHONEOS_DEPLOYMENT_TARGET = 15.5;
				MTL_ENABLE_DEBUG_INFO = INCLUDE_SOURCE;
				MTL_FAST_MATH = YES;
				ONLY_ACTIVE_ARCH = YES;
				SDKROOT = iphoneos;
				SWIFT_ACTIVE_COMPILATION_CONDITIONS = DEBUG;
				SWIFT_OPTIMIZATION_LEVEL = "-Onone";
			};
			name = Debug;
		};
		28B25C212895BDFA00FA02E0 /* Release */ = {
			isa = XCBuildConfiguration;
			buildSettings = {
				ALWAYS_SEARCH_USER_PATHS = NO;
				CLANG_ANALYZER_NONNULL = YES;
				CLANG_ANALYZER_NUMBER_OBJECT_CONVERSION = YES_AGGRESSIVE;
				CLANG_CXX_LANGUAGE_STANDARD = "gnu++17";
				CLANG_ENABLE_MODULES = YES;
				CLANG_ENABLE_OBJC_ARC = YES;
				CLANG_ENABLE_OBJC_WEAK = YES;
				CLANG_WARN_BLOCK_CAPTURE_AUTORELEASING = YES;
				CLANG_WARN_BOOL_CONVERSION = YES;
				CLANG_WARN_COMMA = YES;
				CLANG_WARN_CONSTANT_CONVERSION = YES;
				CLANG_WARN_DEPRECATED_OBJC_IMPLEMENTATIONS = YES;
				CLANG_WARN_DIRECT_OBJC_ISA_USAGE = YES_ERROR;
				CLANG_WARN_DOCUMENTATION_COMMENTS = YES;
				CLANG_WARN_EMPTY_BODY = YES;
				CLANG_WARN_ENUM_CONVERSION = YES;
				CLANG_WARN_INFINITE_RECURSION = YES;
				CLANG_WARN_INT_CONVERSION = YES;
				CLANG_WARN_NON_LITERAL_NULL_CONVERSION = YES;
				CLANG_WARN_OBJC_IMPLICIT_RETAIN_SELF = YES;
				CLANG_WARN_OBJC_LITERAL_CONVERSION = YES;
				CLANG_WARN_OBJC_ROOT_CLASS = YES_ERROR;
				CLANG_WARN_QUOTED_INCLUDE_IN_FRAMEWORK_HEADER = YES;
				CLANG_WARN_RANGE_LOOP_ANALYSIS = YES;
				CLANG_WARN_STRICT_PROTOTYPES = YES;
				CLANG_WARN_SUSPICIOUS_MOVE = YES;
				CLANG_WARN_UNGUARDED_AVAILABILITY = YES_AGGRESSIVE;
				CLANG_WARN_UNREACHABLE_CODE = YES;
				CLANG_WARN__DUPLICATE_METHOD_MATCH = YES;
				COPY_PHASE_STRIP = NO;
				DEBUG_INFORMATION_FORMAT = "dwarf-with-dsym";
				ENABLE_NS_ASSERTIONS = NO;
				ENABLE_STRICT_OBJC_MSGSEND = YES;
				GCC_C_LANGUAGE_STANDARD = gnu11;
				GCC_NO_COMMON_BLOCKS = YES;
				GCC_WARN_64_TO_32_BIT_CONVERSION = YES;
				GCC_WARN_ABOUT_RETURN_TYPE = YES_ERROR;
				GCC_WARN_UNDECLARED_SELECTOR = YES;
				GCC_WARN_UNINITIALIZED_AUTOS = YES_AGGRESSIVE;
				GCC_WARN_UNUSED_FUNCTION = YES;
				GCC_WARN_UNUSED_VARIABLE = YES;
				IPHONEOS_DEPLOYMENT_TARGET = 15.5;
				MTL_ENABLE_DEBUG_INFO = NO;
				MTL_FAST_MATH = YES;
				SDKROOT = iphoneos;
				SWIFT_COMPILATION_MODE = wholemodule;
				SWIFT_OPTIMIZATION_LEVEL = "-O";
				VALIDATE_PRODUCT = YES;
			};
			name = Release;
		};
		28B25C232895BDFA00FA02E0 /* Debug */ = {
			isa = XCBuildConfiguration;
			buildSettings = {
				ASSETCATALOG_COMPILER_APPICON_NAME = AppIcon;
				ASSETCATALOG_COMPILER_GLOBAL_ACCENT_COLOR_NAME = AccentColor;
				CODE_SIGN_STYLE = Automatic;
				CURRENT_PROJECT_VERSION = 1;
				DEVELOPMENT_TEAM = Q6MRDLD67J;
				GENERATE_INFOPLIST_FILE = YES;
				INFOPLIST_FILE = CryptoVIPER/Info.plist;
				INFOPLIST_KEY_UIApplicationSupportsIndirectInputEvents = YES;
				INFOPLIST_KEY_UILaunchStoryboardName = LaunchScreen;
				INFOPLIST_KEY_UISupportedInterfaceOrientations = UIInterfaceOrientationPortrait;
				INFOPLIST_KEY_UISupportedInterfaceOrientations_iPad = "UIInterfaceOrientationPortrait UIInterfaceOrientationPortraitUpsideDown UIInterfaceOrientationLandscapeLeft UIInterfaceOrientationLandscapeRight";
				INFOPLIST_KEY_UISupportedInterfaceOrientations_iPhone = "UIInterfaceOrientationPortrait UIInterfaceOrientationLandscapeLeft UIInterfaceOrientationLandscapeRight";
				LD_RUNPATH_SEARCH_PATHS = (
					"$(inherited)",
					"@executable_path/Frameworks",
				);
				MARKETING_VERSION = 1.0;
				PRODUCT_BUNDLE_IDENTIFIER = yahyagonder.CryptoVIPER;
				PRODUCT_NAME = "$(TARGET_NAME)";
				SWIFT_EMIT_LOC_STRINGS = YES;
				SWIFT_VERSION = 5.0;
				TARGETED_DEVICE_FAMILY = 1;
			};
			name = Debug;
		};
		28B25C242895BDFA00FA02E0 /* Release */ = {
			isa = XCBuildConfiguration;
			buildSettings = {
				ASSETCATALOG_COMPILER_APPICON_NAME = AppIcon;
				ASSETCATALOG_COMPILER_GLOBAL_ACCENT_COLOR_NAME = AccentColor;
				CODE_SIGN_STYLE = Automatic;
				CURRENT_PROJECT_VERSION = 1;
				DEVELOPMENT_TEAM = Q6MRDLD67J;
				GENERATE_INFOPLIST_FILE = YES;
				INFOPLIST_FILE = CryptoVIPER/Info.plist;
				INFOPLIST_KEY_UIApplicationSupportsIndirectInputEvents = YES;
				INFOPLIST_KEY_UILaunchStoryboardName = LaunchScreen;
				INFOPLIST_KEY_UISupportedInterfaceOrientations = UIInterfaceOrientationPortrait;
				INFOPLIST_KEY_UISupportedInterfaceOrientations_iPad = "UIInterfaceOrientationPortrait UIInterfaceOrientationPortraitUpsideDown UIInterfaceOrientationLandscapeLeft UIInterfaceOrientationLandscapeRight";
				INFOPLIST_KEY_UISupportedInterfaceOrientations_iPhone = "UIInterfaceOrientationPortrait UIInterfaceOrientationLandscapeLeft UIInterfaceOrientationLandscapeRight";
				LD_RUNPATH_SEARCH_PATHS = (
					"$(inherited)",
					"@executable_path/Frameworks",
				);
				MARKETING_VERSION = 1.0;
				PRODUCT_BUNDLE_IDENTIFIER = yahyagonder.CryptoVIPER;
				PRODUCT_NAME = "$(TARGET_NAME)";
				SWIFT_EMIT_LOC_STRINGS = YES;
				SWIFT_VERSION = 5.0;
				TARGETED_DEVICE_FAMILY = 1;
			};
			name = Release;
		};
/* End XCBuildConfiguration section */

/* Begin XCConfigurationList section */
		28B25C092895BDF900FA02E0 /* Build configuration list for PBXProject "CryptoVIPER" */ = {
			isa = XCConfigurationList;
			buildConfigurations = (
				28B25C202895BDFA00FA02E0 /* Debug */,
				28B25C212895BDFA00FA02E0 /* Release */,
			);
			defaultConfigurationIsVisible = 0;
			defaultConfigurationName = Release;
		};
		28B25C222895BDFA00FA02E0 /* Build configuration list for PBXNativeTarget "CryptoVIPER" */ = {
			isa = XCConfigurationList;
			buildConfigurations = (
				28B25C232895BDFA00FA02E0 /* Debug */,
				28B25C242895BDFA00FA02E0 /* Release */,
			);
			defaultConfigurationIsVisible = 0;
			defaultConfigurationName = Release;
		};
/* End XCConfigurationList section */
	};
	rootObject = 28B25C062895BDF900FA02E0 /* Project object */;
}
